
Microsoft Visual Studio Solution File, Format Version 12.00
# Visual Studio 15
VisualStudioVersion = 15.0.28307.489
MinimumVisualStudioVersion = 10.0.40219.1
Project("{FAE04EC0-301F-11D3-BF4B-00C04F79EFBC}") = "catalyst project", "catalyst project\catalyst project.csproj", "{39749B94-3CB3-4BD9-AA40-73A8EC7EF3F5}"
EndProject
Project("{FAE04EC0-301F-11D3-BF4B-00C04F79EFBC}") = "CatalystTest2", "CatalystTest2\CatalystTest2.csproj", "{BAF2640C-05D5-49EB-A160-9FA550CA62FD}"
EndProject
Global
	GlobalSection(SolutionConfigurationPlatforms) = preSolution
		Debug|Any CPU = Debug|Any CPU
		Release|Any CPU = Release|Any CPU
	EndGlobalSection
	GlobalSection(ProjectConfigurationPlatforms) = postSolution
		{39749B94-3CB3-4BD9-AA40-73A8EC7EF3F5}.Debug|Any CPU.ActiveCfg = Debug|Any CPU
		{39749B94-3CB3-4BD9-AA40-73A8EC7EF3F5}.Debug|Any CPU.Build.0 = Debug|Any CPU
		{39749B94-3CB3-4BD9-AA40-73A8EC7EF3F5}.Release|Any CPU.ActiveCfg = Release|Any CPU
		{39749B94-3CB3-4BD9-AA40-73A8EC7EF3F5}.Release|Any CPU.Build.0 = Release|Any CPU
		{BAF2640C-05D5-49EB-A160-9FA550CA62FD}.Debug|Any CPU.ActiveCfg = Debug|Any CPU
		{BAF2640C-05D5-49EB-A160-9FA550CA62FD}.Debug|Any CPU.Build.0 = Debug|Any CPU
		{BAF2640C-05D5-49EB-A160-9FA550CA62FD}.Release|Any CPU.ActiveCfg = Release|Any CPU
		{BAF2640C-05D5-49EB-A160-9FA550CA62FD}.Release|Any CPU.Build.0 = Release|Any CPU
	EndGlobalSection
	GlobalSection(SolutionProperties) = preSolution
		HideSolutionNode = FALSE
	EndGlobalSection
	GlobalSection(ExtensibilityGlobals) = postSolution
		SolutionGuid = {17477ACC-9217-4166-9F5F-8DD2E9099E7B}
	EndGlobalSection
EndGlobal
